// !$*UTF8*$!
{
	archiveVersion = 1;
	classes = {
	};
	objectVersion = 55;
	objects = {

/* Begin PBXBuildFile section */
		90BDDD8F282B7581000FDA97 /* QuestionView.swift in Sources */ = {isa = PBXBuildFile; fileRef = 90BDDD8E282B7581000FDA97 /* QuestionView.swift */; };
		90BDDD93282B7660000FDA97 /* DiagramView.swift in Sources */ = {isa = PBXBuildFile; fileRef = 90BDDD92282B7660000FDA97 /* DiagramView.swift */; };
		90D0EDF3282B69BC00D97DD2 /* CulminatingTaskKinesiologyApp.swift in Sources */ = {isa = PBXBuildFile; fileRef = 90D0EDF2282B69BC00D97DD2 /* CulminatingTaskKinesiologyApp.swift */; };
		90D0EDF5282B69BC00D97DD2 /* ContentView.swift in Sources */ = {isa = PBXBuildFile; fileRef = 90D0EDF4282B69BC00D97DD2 /* ContentView.swift */; };
		90D0EDF7282B6A1300D97DD2 /* Assets.xcassets in Resources */ = {isa = PBXBuildFile; fileRef = 90D0EDF6282B6A1300D97DD2 /* Assets.xcassets */; };
		90D0EDFA282B6A1300D97DD2 /* Preview Assets.xcassets in Resources */ = {isa = PBXBuildFile; fileRef = 90D0EDF9282B6A1300D97DD2 /* Preview Assets.xcassets */; };
/* End PBXBuildFile section */

/* Begin PBXFileReference section */
		90BDDD8E282B7581000FDA97 /* QuestionView.swift */ = {isa = PBXFileReference; lastKnownFileType = sourcecode.swift; path = QuestionView.swift; sourceTree = "<group>"; };
		90BDDD92282B7660000FDA97 /* DiagramView.swift */ = {isa = PBXFileReference; lastKnownFileType = sourcecode.swift; path = DiagramView.swift; sourceTree = "<group>"; };
		90D0EDEF282B69BC00D97DD2 /* CulminatingTaskKinesiology.app */ = {isa = PBXFileReference; explicitFileType = wrapper.application; includeInIndex = 0; path = CulminatingTaskKinesiology.app; sourceTree = BUILT_PRODUCTS_DIR; };
		90D0EDF2282B69BC00D97DD2 /* CulminatingTaskKinesiologyApp.swift */ = {isa = PBXFileReference; lastKnownFileType = sourcecode.swift; path = CulminatingTaskKinesiologyApp.swift; sourceTree = "<group>"; };
		90D0EDF4282B69BC00D97DD2 /* ContentView.swift */ = {isa = PBXFileReference; lastKnownFileType = sourcecode.swift; path = ContentView.swift; sourceTree = "<group>"; };
		90D0EDF6282B6A1300D97DD2 /* Assets.xcassets */ = {isa = PBXFileReference; lastKnownFileType = folder.assetcatalog; path = Assets.xcassets; sourceTree = "<group>"; };
		90D0EDF9282B6A1300D97DD2 /* Preview Assets.xcassets */ = {isa = PBXFileReference; lastKnownFileType = folder.assetcatalog; path = "Preview Assets.xcassets"; sourceTree = "<group>"; };
/* End PBXFileReference section */

/* Begin PBXFrameworksBuildPhase section */
		90D0EDEC282B69BC00D97DD2 /* Frameworks */ = {
			isa = PBXFrameworksBuildPhase;
			buildActionMask = 2147483647;
			files = (
			);
			runOnlyForDeploymentPostprocessing = 0;
		};
/* End PBXFrameworksBuildPhase section */

/* Begin PBXGroup section */
		90BDDD90282B759D000FDA97 /* Model */ = {
			isa = PBXGroup;
			children = (
				90BDDD91282B75A4000FDA97 /* View */,
			);
			path = Model;
			sourceTree = "<group>";
		};
		90BDDD91282B75A4000FDA97 /* View */ = {
			isa = PBXGroup;
			children = (
				90BDDD92282B7660000FDA97 /* DiagramView.swift */,
				90D0EDF4282B69BC00D97DD2 /* ContentView.swift */,
				90BDDD8E282B7581000FDA97 /* QuestionView.swift */,
			);
			path = View;
			sourceTree = "<group>";
		};
		90D0EDE6282B69BB00D97DD2 = {
			isa = PBXGroup;
			children = (
				90D0EDF1282B69BC00D97DD2 /* CulminatingTaskKinesiology */,
				90D0EDF0282B69BC00D97DD2 /* Products */,
			);
			sourceTree = "<group>";
		};
		90D0EDF0282B69BC00D97DD2 /* Products */ = {
			isa = PBXGroup;
			children = (
				90D0EDEF282B69BC00D97DD2 /* CulminatingTaskKinesiology.app */,
			);
			name = Products;
			sourceTree = "<group>";
		};
		90D0EDF1282B69BC00D97DD2 /* CulminatingTaskKinesiology */ = {
			isa = PBXGroup;
			children = (
				90D0EDF2282B69BC00D97DD2 /* CulminatingTaskKinesiologyApp.swift */,
				90BDDD90282B759D000FDA97 /* Model */,
				90D0EDF6282B6A1300D97DD2 /* Assets.xcassets */,
				90D0EDF8282B6A1300D97DD2 /* Preview Content */,
			);
			path = CulminatingTaskKinesiology;
			sourceTree = "<group>";
		};
		90D0EDF8282B6A1300D97DD2 /* Preview Content */ = {
			isa = PBXGroup;
			children = (
				90D0EDF9282B6A1300D97DD2 /* Preview Assets.xcassets */,
			);
			path = "Preview Content";
			sourceTree = "<group>";
		};
/* End PBXGroup section */

/* Begin PBXNativeTarget section */
		90D0EDEE282B69BC00D97DD2 /* CulminatingTaskKinesiology */ = {
			isa = PBXNativeTarget;
			buildConfigurationList = 90D0EDFD282B6A1300D97DD2 /* Build configuration list for PBXNativeTarget "CulminatingTaskKinesiology" */;
			buildPhases = (
				90D0EDEB282B69BC00D97DD2 /* Sources */,
				90D0EDEC282B69BC00D97DD2 /* Frameworks */,
				90D0EDED282B69BC00D97DD2 /* Resources */,
			);
			buildRules = (
			);
			dependencies = (
			);
			name = CulminatingTaskKinesiology;
			productName = CulminatingTaskKinesiology;
			productReference = 90D0EDEF282B69BC00D97DD2 /* CulminatingTaskKinesiology.app */;
			productType = "com.apple.product-type.application";
		};
/* End PBXNativeTarget section */

/* Begin PBXProject section */
		90D0EDE7282B69BB00D97DD2 /* Project object */ = {
			isa = PBXProject;
			attributes = {
				BuildIndependentTargetsInParallel = 1;
				LastSwiftUpdateCheck = 1320;
				LastUpgradeCheck = 1320;
				TargetAttributes = {
					90D0EDEE282B69BC00D97DD2 = {
						CreatedOnToolsVersion = 13.2.1;
					};
				};
			};
			buildConfigurationList = 90D0EDEA282B69BC00D97DD2 /* Build configuration list for PBXProject "CulminatingTaskKinesiology" */;
			compatibilityVersion = "Xcode 13.0";
			developmentRegion = en;
			hasScannedForEncodings = 0;
			knownRegions = (
				en,
				Base,
			);
			mainGroup = 90D0EDE6282B69BB00D97DD2;
			productRefGroup = 90D0EDF0282B69BC00D97DD2 /* Products */;
			projectDirPath = "";
			projectRoot = "";
			targets = (
				90D0EDEE282B69BC00D97DD2 /* CulminatingTaskKinesiology */,
			);
		};
/* End PBXProject section */

/* Begin PBXResourcesBuildPhase section */
		90D0EDED282B69BC00D97DD2 /* Resources */ = {
			isa = PBXResourcesBuildPhase;
			buildActionMask = 2147483647;
			files = (
				90D0EDFA282B6A1300D97DD2 /* Preview Assets.xcassets in Resources */,
				90D0EDF7282B6A1300D97DD2 /* Assets.xcassets in Resources */,
			);
			runOnlyForDeploymentPostprocessing = 0;
		};
/* End PBXResourcesBuildPhase section */

/* Begin PBXSourcesBuildPhase section */
		90D0EDEB282B69BC00D97DD2 /* Sources */ = {
			isa = PBXSourcesBuildPhase;
			buildActionMask = 2147483647;
			files = (
				90BDDD93282B7660000FDA97 /* DiagramView.swift in Sources */,
				90D0EDF5282B69BC00D97DD2 /* ContentView.swift in Sources */,
				90BDDD8F282B7581000FDA97 /* QuestionView.swift in Sources */,
				90D0EDF3282B69BC00D97DD2 /* CulminatingTaskKinesiologyApp.swift in Sources */,
			);
			runOnlyForDeploymentPostprocessing = 0;
		};
/* End PBXSourcesBuildPhase section */

/* Begin XCBuildConfiguration section */
		90D0EDFB282B6A1300D97DD2 /* Debug */ = {
			isa = XCBuildConfiguration;
			buildSettings = {
				ALWAYS_SEARCH_USER_PATHS = NO;
				CLANG_ANALYZER_NONNULL = YES;
				CLANG_ANALYZER_NUMBER_OBJECT_CONVERSION = YES_AGGRESSIVE;
				CLANG_CXX_LANGUAGE_STANDARD = "gnu++17";
				CLANG_CXX_LIBRARY = "libc++";
				CLANG_ENABLE_MODULES = YES;
				CLANG_ENABLE_OBJC_ARC = YES;
				CLANG_ENABLE_OBJC_WEAK = YES;
				CLANG_WARN_BLOCK_CAPTURE_AUTORELEASING = YES;
				CLANG_WARN_BOOL_CONVERSION = YES;
				CLANG_WARN_COMMA = YES;
				CLANG_WARN_CONSTANT_CONVERSION = YES;
				CLANG_WARN_DEPRECATED_OBJC_IMPLEMENTATIONS = YES;
				CLANG_WARN_DIRECT_OBJC_ISA_USAGE = YES_ERROR;
				CLANG_WARN_DOCUMENTATION_COMMENTS = YES;
				CLANG_WARN_EMPTY_BODY = YES;
				CLANG_WARN_ENUM_CONVERSION = YES;
				CLANG_WARN_INFINITE_RECURSION = YES;
				CLANG_WARN_INT_CONVERSION = YES;
				CLANG_WARN_NON_LITERAL_NULL_CONVERSION = YES;
				CLANG_WARN_OBJC_IMPLICIT_RETAIN_SELF = YES;
				CLANG_WARN_OBJC_LITERAL_CONVERSION = YES;
				CLANG_WARN_OBJC_ROOT_CLASS = YES_ERROR;
				CLANG_WARN_QUOTED_INCLUDE_IN_FRAMEWORK_HEADER = YES;
				CLANG_WARN_RANGE_LOOP_ANALYSIS = YES;
				CLANG_WARN_STRICT_PROTOTYPES = YES;
				CLANG_WARN_SUSPICIOUS_MOVE = YES;
				CLANG_WARN_UNGUARDED_AVAILABILITY = YES_AGGRESSIVE;
				CLANG_WARN_UNREACHABLE_CODE = YES;
				CLANG_WARN__DUPLICATE_METHOD_MATCH = YES;
				COPY_PHASE_STRIP = NO;
				DEBUG_INFORMATION_FORMAT = dwarf;
				ENABLE_STRICT_OBJC_MSGSEND = YES;
				ENABLE_TESTABILITY = YES;
				GCC_C_LANGUAGE_STANDARD = gnu11;
				GCC_DYNAMIC_NO_PIC = NO;
				GCC_NO_COMMON_BLOCKS = YES;
				GCC_OPTIMIZATION_LEVEL = 0;
				GCC_PREPROCESSOR_DEFINITIONS = (
					"DEBUG=1",
					"$(inherited)",
				);
				GCC_WARN_64_TO_32_BIT_CONVERSION = YES;
				GCC_WARN_ABOUT_RETURN_TYPE = YES_ERROR;
				GCC_WARN_UNDECLARED_SELECTOR = YES;
				GCC_WARN_UNINITIALIZED_AUTOS = YES_AGGRESSIVE;
				GCC_WARN_UNUSED_FUNCTION = YES;
				GCC_WARN_UNUSED_VARIABLE = YES;
				IPHONEOS_DEPLOYMENT_TARGET = 15.2;
				MTL_ENABLE_DEBUG_INFO = INCLUDE_SOURCE;
				MTL_FAST_MATH = YES;
				ONLY_ACTIVE_ARCH = YES;
				SDKROOT = iphoneos;
				SWIFT_ACTIVE_COMPILATION_CONDITIONS = DEBUG;
				SWIFT_OPTIMIZATION_LEVEL = "-Onone";
			};
			name = Debug;
		};
		90D0EDFC282B6A1300D97DD2 /* Release */ = {
			isa = XCBuildConfiguration;
			buildSettings = {
				ALWAYS_SEARCH_USER_PATHS = NO;
				CLANG_ANALYZER_NONNULL = YES;
				CLANG_ANALYZER_NUMBER_OBJECT_CONVERSION = YES_AGGRESSIVE;
				CLANG_CXX_LANGUAGE_STANDARD = "gnu++17";
				CLANG_CXX_LIBRARY = "libc++";
				CLANG_ENABLE_MODULES = YES;
				CLANG_ENABLE_OBJC_ARC = YES;
				CLANG_ENABLE_OBJC_WEAK = YES;
				CLANG_WARN_BLOCK_CAPTURE_AUTORELEASING = YES;
				CLANG_WARN_BOOL_CONVERSION = YES;
				CLANG_WARN_COMMA = YES;
				CLANG_WARN_CONSTANT_CONVERSION = YES;
				CLANG_WARN_DEPRECATED_OBJC_IMPLEMENTATIONS = YES;
				CLANG_WARN_DIRECT_OBJC_ISA_USAGE = YES_ERROR;
				CLANG_WARN_DOCUMENTATION_COMMENTS = YES;
				CLANG_WARN_EMPTY_BODY = YES;
				CLANG_WARN_ENUM_CONVERSION = YES;
				CLANG_WARN_INFINITE_RECURSION = YES;
				CLANG_WARN_INT_CONVERSION = YES;
				CLANG_WARN_NON_LITERAL_NULL_CONVERSION = YES;
				CLANG_WARN_OBJC_IMPLICIT_RETAIN_SELF = YES;
				CLANG_WARN_OBJC_LITERAL_CONVERSION = YES;
				CLANG_WARN_OBJC_ROOT_CLASS = YES_ERROR;
				CLANG_WARN_QUOTED_INCLUDE_IN_FRAMEWORK_HEADER = YES;
				CLANG_WARN_RANGE_LOOP_ANALYSIS = YES;
				CLANG_WARN_STRICT_PROTOTYPES = YES;
				CLANG_WARN_SUSPICIOUS_MOVE = YES;
				CLANG_WARN_UNGUARDED_AVAILABILITY = YES_AGGRESSIVE;
				CLANG_WARN_UNREACHABLE_CODE = YES;
				CLANG_WARN__DUPLICATE_METHOD_MATCH = YES;
				COPY_PHASE_STRIP = NO;
				DEBUG_INFORMATION_FORMAT = "dwarf-with-dsym";
				ENABLE_NS_ASSERTIONS = NO;
				ENABLE_STRICT_OBJC_MSGSEND = YES;
				GCC_C_LANGUAGE_STANDARD = gnu11;
				GCC_NO_COMMON_BLOCKS = YES;
				GCC_WARN_64_TO_32_BIT_CONVERSION = YES;
				GCC_WARN_ABOUT_RETURN_TYPE = YES_ERROR;
				GCC_WARN_UNDECLARED_SELECTOR = YES;
				GCC_WARN_UNINITIALIZED_AUTOS = YES_AGGRESSIVE;
				GCC_WARN_UNUSED_FUNCTION = YES;
				GCC_WARN_UNUSED_VARIABLE = YES;
				IPHONEOS_DEPLOYMENT_TARGET = 15.2;
				MTL_ENABLE_DEBUG_INFO = NO;
				MTL_FAST_MATH = YES;
				SDKROOT = iphoneos;
				SWIFT_COMPILATION_MODE = wholemodule;
				SWIFT_OPTIMIZATION_LEVEL = "-O";
				VALIDATE_PRODUCT = YES;
			};
			name = Release;
		};
		90D0EDFE282B6A1300D97DD2 /* Debug */ = {
			isa = XCBuildConfiguration;
			buildSettings = {
				ASSETCATALOG_COMPILER_APPICON_NAME = AppIcon;
				ASSETCATALOG_COMPILER_GLOBAL_ACCENT_COLOR_NAME = AccentColor;
				CODE_SIGN_STYLE = Automatic;
				CURRENT_PROJECT_VERSION = 1;
				DEVELOPMENT_ASSET_PATHS = "\"CulminatingTaskKinesiology/Preview Content\"";
				DEVELOPMENT_TEAM = H3XTCB26QK;
				ENABLE_PREVIEWS = YES;
				GENERATE_INFOPLIST_FILE = YES;
				INFOPLIST_KEY_UIApplicationSceneManifest_Generation = YES;
				INFOPLIST_KEY_UIApplicationSupportsIndirectInputEvents = YES;
				INFOPLIST_KEY_UILaunchScreen_Generation = YES;
				INFOPLIST_KEY_UISupportedInterfaceOrientations_iPad = "UIInterfaceOrientationPortrait UIInterfaceOrientationPortraitUpsideDown UIInterfaceOrientationLandscapeLeft UIInterfaceOrientationLandscapeRight";
				INFOPLIST_KEY_UISupportedInterfaceOrientations_iPhone = "UIInterfaceOrientationPortrait UIInterfaceOrientationLandscapeLeft UIInterfaceOrientationLandscapeRight";
				LD_RUNPATH_SEARCH_PATHS = (
					"$(inherited)",
					"@executable_path/Frameworks",
				);
				MARKETING_VERSION = 1.0;
				PRODUCT_BUNDLE_IDENTIFIER = ca.abdulmalik.CulminatingTaskKinesiology;
				PRODUCT_NAME = "$(TARGET_NAME)";
				SWIFT_EMIT_LOC_STRINGS = YES;
				SWIFT_VERSION = 5.0;
				TARGETED_DEVICE_FAMILY = "1,2";
			};
			name = Debug;
		};
		90D0EDFF282B6A1300D97DD2 /* Release */ = {
			isa = XCBuildConfiguration;
			buildSettings = {
				ASSETCATALOG_COMPILER_APPICON_NAME = AppIcon;
				ASSETCATALOG_COMPILER_GLOBAL_ACCENT_COLOR_NAME = AccentColor;
				CODE_SIGN_STYLE = Automatic;
				CURRENT_PROJECT_VERSION = 1;
				DEVELOPMENT_ASSET_PATHS = "\"CulminatingTaskKinesiology/Preview Content\"";
				DEVELOPMENT_TEAM = H3XTCB26QK;
				ENABLE_PREVIEWS = YES;
				GENERATE_INFOPLIST_FILE = YES;
				INFOPLIST_KEY_UIApplicationSceneManifest_Generation = YES;
				INFOPLIST_KEY_UIApplicationSupportsIndirectInputEvents = YES;
				INFOPLIST_KEY_UILaunchScreen_Generation = YES;
				INFOPLIST_KEY_UISupportedInterfaceOrientations_iPad = "UIInterfaceOrientationPortrait UIInterfaceOrientationPortraitUpsideDown UIInterfaceOrientationLandscapeLeft UIInterfaceOrientationLandscapeRight";
				INFOPLIST_KEY_UISupportedInterfaceOrientations_iPhone = "UIInterfaceOrientationPortrait UIInterfaceOrientationLandscapeLeft UIInterfaceOrientationLandscapeRight";
				LD_RUNPATH_SEARCH_PATHS = (
					"$(inherited)",
					"@executable_path/Frameworks",
				);
				MARKETING_VERSION = 1.0;
				PRODUCT_BUNDLE_IDENTIFIER = ca.abdulmalik.CulminatingTaskKinesiology;
				PRODUCT_NAME = "$(TARGET_NAME)";
				SWIFT_EMIT_LOC_STRINGS = YES;
				SWIFT_VERSION = 5.0;
				TARGETED_DEVICE_FAMILY = "1,2";
			};
			name = Release;
		};
/* End XCBuildConfiguration section */

/* Begin XCConfigurationList section */
		90D0EDEA282B69BC00D97DD2 /* Build configuration list for PBXProject "CulminatingTaskKinesiology" */ = {
			isa = XCConfigurationList;
			buildConfigurations = (
				90D0EDFB282B6A1300D97DD2 /* Debug */,
				90D0EDFC282B6A1300D97DD2 /* Release */,
			);
			defaultConfigurationIsVisible = 0;
			defaultConfigurationName = Release;
		};
		90D0EDFD282B6A1300D97DD2 /* Build configuration list for PBXNativeTarget "CulminatingTaskKinesiology" */ = {
			isa = XCConfigurationList;
			buildConfigurations = (
				90D0EDFE282B6A1300D97DD2 /* Debug */,
				90D0EDFF282B6A1300D97DD2 /* Release */,
			);
			defaultConfigurationIsVisible = 0;
			defaultConfigurationName = Release;
		};
/* End XCConfigurationList section */
	};
	rootObject = 90D0EDE7282B69BB00D97DD2 /* Project object */;
}
